PODS:
  - Alamofire (4.7.3)
  - Bongloy (0.2.0):
    - Stripe (>= 16.0.0)
  - CreditCardForm (0.1.8)
  - SCLAlertView (0.8)
  - Stripe (17.0.3)

DEPENDENCIES:
  - Alamofire
  - Bongloy (from `../`)
  - CreditCardForm
  - SCLAlertView

SPEC REPOS:
  https://github.com/CocoaPods/Specs.git:
    - Alamofire
    - CreditCardForm
    - SCLAlertView
  trunk:
    - Stripe

EXTERNAL SOURCES:
  Bongloy:
    :path: "../"

SPEC CHECKSUMS:
  Alamofire: c7287b6e5d7da964a70935e5db17046b7fde6568
  Bongloy: a877a326b12b97a417a0b70b6bd20c69a43592da
  CreditCardForm: 7e67bc394545eda9e502652af0858552b4931728
  SCLAlertView: 6a77bb2edfc65e04dbe57725546cb4107a506b85
  Stripe: 30ba9a2ac7297e93de561fed695222ef980ee521

PODFILE CHECKSUM: 787a0d93f1ecfc82f97e4bf59b01b7337bc0a1d1

COCOAPODS: 1.8.4
